
Microsoft Visual Studio Solution File, Format Version 11.00
# Visual Studio 2010
Project("{FAE04EC0-301F-11D3-BF4B-00C04F79EFBC}") = "Euler001", "Euler001\Euler001.csproj", "{DA42231A-B648-4C17-8659-461026252D28}"
EndProject
Project("{FAE04EC0-301F-11D3-BF4B-00C04F79EFBC}") = "Euler002", "Euler002\Euler002.csproj", "{581407DB-9FC1-4903-90ED-8E6AEB7B2D38}"
EndProject
Project("{FAE04EC0-301F-11D3-BF4B-00C04F79EFBC}") = "Euler003", "Euler003\Euler003.csproj", "{1B86D74B-33CB-40A5-AD7C-779A41A07E80}"
EndProject
Project("{FAE04EC0-301F-11D3-BF4B-00C04F79EFBC}") = "Euler004", "Euler004\Euler004.csproj", "{54A3AE4E-C293-4226-8DEB-9F17F7144C1A}"
EndProject
Project("{FAE04EC0-301F-11D3-BF4B-00C04F79EFBC}") = "Euler005", "Euler005\Euler005.csproj", "{8DDC3814-C25C-41AC-AFE6-EA2F56EEFF19}"
EndProject
Project("{2150E333-8FDC-42A3-9474-1A3956D46DE8}") = "Utility", "Utility", "{49E286C8-8F10-4C91-A576-16D6764E2319}"
EndProject
Project("{FAE04EC0-301F-11D3-BF4B-00C04F79EFBC}") = "EulerUtils", "EulerUtils\EulerUtils.csproj", "{9E6383AE-81A5-4146-AA13-63B03ED86202}"
EndProject
Project("{FAE04EC0-301F-11D3-BF4B-00C04F79EFBC}") = "Euler006", "Euler006\Euler006.csproj", "{1E4F1FD1-173A-483C-BC23-55FDCB76E311}"
EndProject
Project("{FAE04EC0-301F-11D3-BF4B-00C04F79EFBC}") = "Euler007", "Euler007\Euler007.csproj", "{8309D9F6-B60A-4C4D-8E4A-57274BF896DD}"
EndProject
Project("{FAE04EC0-301F-11D3-BF4B-00C04F79EFBC}") = "Euler008", "Euler008\Euler008.csproj", "{C76AAB9F-4114-4645-B9E6-A4C5FD7B252D}"
EndProject
Project("{FAE04EC0-301F-11D3-BF4B-00C04F79EFBC}") = "Euler009", "Euler009\Euler009.csproj", "{5DB290BB-57C6-4BB2-A80D-B98414F198E7}"
EndProject
Project("{FAE04EC0-301F-11D3-BF4B-00C04F79EFBC}") = "Euler010", "Euler010\Euler010.csproj", "{41669E64-78CF-4D95-BBD0-11B58BE0523E}"
EndProject
Project("{FAE04EC0-301F-11D3-BF4B-00C04F79EFBC}") = "Euler025", "Euler025\Euler025.csproj", "{1870409D-9229-4AF2-BA82-C063FC995070}"
EndProject
Global
	GlobalSection(SolutionConfigurationPlatforms) = preSolution
		Debug|Any CPU = Debug|Any CPU
		Debug|Mixed Platforms = Debug|Mixed Platforms
		Debug|x86 = Debug|x86
		Release|Any CPU = Release|Any CPU
		Release|Mixed Platforms = Release|Mixed Platforms
		Release|x86 = Release|x86
	EndGlobalSection
	GlobalSection(ProjectConfigurationPlatforms) = postSolution
		{DA42231A-B648-4C17-8659-461026252D28}.Debug|Any CPU.ActiveCfg = Debug|x86
		{DA42231A-B648-4C17-8659-461026252D28}.Debug|Mixed Platforms.ActiveCfg = Debug|x86
		{DA42231A-B648-4C17-8659-461026252D28}.Debug|Mixed Platforms.Build.0 = Debug|x86
		{DA42231A-B648-4C17-8659-461026252D28}.Debug|x86.ActiveCfg = Debug|x86
		{DA42231A-B648-4C17-8659-461026252D28}.Debug|x86.Build.0 = Debug|x86
		{DA42231A-B648-4C17-8659-461026252D28}.Release|Any CPU.ActiveCfg = Release|x86
		{DA42231A-B648-4C17-8659-461026252D28}.Release|Mixed Platforms.ActiveCfg = Release|x86
		{DA42231A-B648-4C17-8659-461026252D28}.Release|Mixed Platforms.Build.0 = Release|x86
		{DA42231A-B648-4C17-8659-461026252D28}.Release|x86.ActiveCfg = Release|x86
		{DA42231A-B648-4C17-8659-461026252D28}.Release|x86.Build.0 = Release|x86
		{581407DB-9FC1-4903-90ED-8E6AEB7B2D38}.Debug|Any CPU.ActiveCfg = Debug|x86
		{581407DB-9FC1-4903-90ED-8E6AEB7B2D38}.Debug|Mixed Platforms.ActiveCfg = Debug|x86
		{581407DB-9FC1-4903-90ED-8E6AEB7B2D38}.Debug|Mixed Platforms.Build.0 = Debug|x86
		{581407DB-9FC1-4903-90ED-8E6AEB7B2D38}.Debug|x86.ActiveCfg = Debug|x86
		{581407DB-9FC1-4903-90ED-8E6AEB7B2D38}.Debug|x86.Build.0 = Debug|x86
		{581407DB-9FC1-4903-90ED-8E6AEB7B2D38}.Release|Any CPU.ActiveCfg = Release|x86
		{581407DB-9FC1-4903-90ED-8E6AEB7B2D38}.Release|Mixed Platforms.ActiveCfg = Release|x86
		{581407DB-9FC1-4903-90ED-8E6AEB7B2D38}.Release|Mixed Platforms.Build.0 = Release|x86
		{581407DB-9FC1-4903-90ED-8E6AEB7B2D38}.Release|x86.ActiveCfg = Release|x86
		{581407DB-9FC1-4903-90ED-8E6AEB7B2D38}.Release|x86.Build.0 = Release|x86
		{1B86D74B-33CB-40A5-AD7C-779A41A07E80}.Debug|Any CPU.ActiveCfg = Debug|x86
		{1B86D74B-33CB-40A5-AD7C-779A41A07E80}.Debug|Mixed Platforms.ActiveCfg = Debug|x86
		{1B86D74B-33CB-40A5-AD7C-779A41A07E80}.Debug|Mixed Platforms.Build.0 = Debug|x86
		{1B86D74B-33CB-40A5-AD7C-779A41A07E80}.Debug|x86.ActiveCfg = Debug|x86
		{1B86D74B-33CB-40A5-AD7C-779A41A07E80}.Debug|x86.Build.0 = Debug|x86
		{1B86D74B-33CB-40A5-AD7C-779A41A07E80}.Release|Any CPU.ActiveCfg = Release|x86
		{1B86D74B-33CB-40A5-AD7C-779A41A07E80}.Release|Mixed Platforms.ActiveCfg = Release|x86
		{1B86D74B-33CB-40A5-AD7C-779A41A07E80}.Release|Mixed Platforms.Build.0 = Release|x86
		{1B86D74B-33CB-40A5-AD7C-779A41A07E80}.Release|x86.ActiveCfg = Release|x86
		{1B86D74B-33CB-40A5-AD7C-779A41A07E80}.Release|x86.Build.0 = Release|x86
		{54A3AE4E-C293-4226-8DEB-9F17F7144C1A}.Debug|Any CPU.ActiveCfg = Debug|x86
		{54A3AE4E-C293-4226-8DEB-9F17F7144C1A}.Debug|Mixed Platforms.ActiveCfg = Debug|x86
		{54A3AE4E-C293-4226-8DEB-9F17F7144C1A}.Debug|Mixed Platforms.Build.0 = Debug|x86
		{54A3AE4E-C293-4226-8DEB-9F17F7144C1A}.Debug|x86.ActiveCfg = Debug|x86
		{54A3AE4E-C293-4226-8DEB-9F17F7144C1A}.Debug|x86.Build.0 = Debug|x86
		{54A3AE4E-C293-4226-8DEB-9F17F7144C1A}.Release|Any CPU.ActiveCfg = Release|x86
		{54A3AE4E-C293-4226-8DEB-9F17F7144C1A}.Release|Mixed Platforms.ActiveCfg = Release|x86
		{54A3AE4E-C293-4226-8DEB-9F17F7144C1A}.Release|Mixed Platforms.Build.0 = Release|x86
		{54A3AE4E-C293-4226-8DEB-9F17F7144C1A}.Release|x86.ActiveCfg = Release|x86
		{54A3AE4E-C293-4226-8DEB-9F17F7144C1A}.Release|x86.Build.0 = Release|x86
		{8DDC3814-C25C-41AC-AFE6-EA2F56EEFF19}.Debug|Any CPU.ActiveCfg = Debug|x86
		{8DDC3814-C25C-41AC-AFE6-EA2F56EEFF19}.Debug|Mixed Platforms.ActiveCfg = Debug|x86
		{8DDC3814-C25C-41AC-AFE6-EA2F56EEFF19}.Debug|Mixed Platforms.Build.0 = Debug|x86
		{8DDC3814-C25C-41AC-AFE6-EA2F56EEFF19}.Debug|x86.ActiveCfg = Debug|x86
		{8DDC3814-C25C-41AC-AFE6-EA2F56EEFF19}.Debug|x86.Build.0 = Debug|x86
		{8DDC3814-C25C-41AC-AFE6-EA2F56EEFF19}.Release|Any CPU.ActiveCfg = Release|x86
		{8DDC3814-C25C-41AC-AFE6-EA2F56EEFF19}.Release|Mixed Platforms.ActiveCfg = Release|x86
		{8DDC3814-C25C-41AC-AFE6-EA2F56EEFF19}.Release|Mixed Platforms.Build.0 = Release|x86
		{8DDC3814-C25C-41AC-AFE6-EA2F56EEFF19}.Release|x86.ActiveCfg = Release|x86
		{8DDC3814-C25C-41AC-AFE6-EA2F56EEFF19}.Release|x86.Build.0 = Release|x86
		{9E6383AE-81A5-4146-AA13-63B03ED86202}.Debug|Any CPU.ActiveCfg = Debug|Any CPU
		{9E6383AE-81A5-4146-AA13-63B03ED86202}.Debug|Any CPU.Build.0 = Debug|Any CPU
		{9E6383AE-81A5-4146-AA13-63B03ED86202}.Debug|Mixed Platforms.ActiveCfg = Debug|Any CPU
		{9E6383AE-81A5-4146-AA13-63B03ED86202}.Debug|Mixed Platforms.Build.0 = Debug|Any CPU
		{9E6383AE-81A5-4146-AA13-63B03ED86202}.Debug|x86.ActiveCfg = Debug|Any CPU
		{9E6383AE-81A5-4146-AA13-63B03ED86202}.Release|Any CPU.ActiveCfg = Release|Any CPU
		{9E6383AE-81A5-4146-AA13-63B03ED86202}.Release|Any CPU.Build.0 = Release|Any CPU
		{9E6383AE-81A5-4146-AA13-63B03ED86202}.Release|Mixed Platforms.ActiveCfg = Release|Any CPU
		{9E6383AE-81A5-4146-AA13-63B03ED86202}.Release|Mixed Platforms.Build.0 = Release|Any CPU
		{9E6383AE-81A5-4146-AA13-63B03ED86202}.Release|x86.ActiveCfg = Release|Any CPU
		{1E4F1FD1-173A-483C-BC23-55FDCB76E311}.Debug|Any CPU.ActiveCfg = Debug|x86
		{1E4F1FD1-173A-483C-BC23-55FDCB76E311}.Debug|Mixed Platforms.ActiveCfg = Debug|x86
		{1E4F1FD1-173A-483C-BC23-55FDCB76E311}.Debug|Mixed Platforms.Build.0 = Debug|x86
		{1E4F1FD1-173A-483C-BC23-55FDCB76E311}.Debug|x86.ActiveCfg = Debug|x86
		{1E4F1FD1-173A-483C-BC23-55FDCB76E311}.Debug|x86.Build.0 = Debug|x86
		{1E4F1FD1-173A-483C-BC23-55FDCB76E311}.Release|Any CPU.ActiveCfg = Release|x86
		{1E4F1FD1-173A-483C-BC23-55FDCB76E311}.Release|Mixed Platforms.ActiveCfg = Release|x86
		{1E4F1FD1-173A-483C-BC23-55FDCB76E311}.Release|Mixed Platforms.Build.0 = Release|x86
		{1E4F1FD1-173A-483C-BC23-55FDCB76E311}.Release|x86.ActiveCfg = Release|x86
		{1E4F1FD1-173A-483C-BC23-55FDCB76E311}.Release|x86.Build.0 = Release|x86
		{8309D9F6-B60A-4C4D-8E4A-57274BF896DD}.Debug|Any CPU.ActiveCfg = Debug|x86
		{8309D9F6-B60A-4C4D-8E4A-57274BF896DD}.Debug|Mixed Platforms.ActiveCfg = Debug|x86
		{8309D9F6-B60A-4C4D-8E4A-57274BF896DD}.Debug|Mixed Platforms.Build.0 = Debug|x86
		{8309D9F6-B60A-4C4D-8E4A-57274BF896DD}.Debug|x86.ActiveCfg = Debug|x86
		{8309D9F6-B60A-4C4D-8E4A-57274BF896DD}.Debug|x86.Build.0 = Debug|x86
		{8309D9F6-B60A-4C4D-8E4A-57274BF896DD}.Release|Any CPU.ActiveCfg = Release|x86
		{8309D9F6-B60A-4C4D-8E4A-57274BF896DD}.Release|Mixed Platforms.ActiveCfg = Release|x86
		{8309D9F6-B60A-4C4D-8E4A-57274BF896DD}.Release|Mixed Platforms.Build.0 = Release|x86
		{8309D9F6-B60A-4C4D-8E4A-57274BF896DD}.Release|x86.ActiveCfg = Release|x86
		{8309D9F6-B60A-4C4D-8E4A-57274BF896DD}.Release|x86.Build.0 = Release|x86
		{C76AAB9F-4114-4645-B9E6-A4C5FD7B252D}.Debug|Any CPU.ActiveCfg = Debug|x86
		{C76AAB9F-4114-4645-B9E6-A4C5FD7B252D}.Debug|Mixed Platforms.ActiveCfg = Debug|x86
		{C76AAB9F-4114-4645-B9E6-A4C5FD7B252D}.Debug|Mixed Platforms.Build.0 = Debug|x86
		{C76AAB9F-4114-4645-B9E6-A4C5FD7B252D}.Debug|x86.ActiveCfg = Debug|x86
		{C76AAB9F-4114-4645-B9E6-A4C5FD7B252D}.Debug|x86.Build.0 = Debug|x86
		{C76AAB9F-4114-4645-B9E6-A4C5FD7B252D}.Release|Any CPU.ActiveCfg = Release|x86
		{C76AAB9F-4114-4645-B9E6-A4C5FD7B252D}.Release|Mixed Platforms.ActiveCfg = Release|x86
		{C76AAB9F-4114-4645-B9E6-A4C5FD7B252D}.Release|Mixed Platforms.Build.0 = Release|x86
		{C76AAB9F-4114-4645-B9E6-A4C5FD7B252D}.Release|x86.ActiveCfg = Release|x86
		{C76AAB9F-4114-4645-B9E6-A4C5FD7B252D}.Release|x86.Build.0 = Release|x86
		{5DB290BB-57C6-4BB2-A80D-B98414F198E7}.Debug|Any CPU.ActiveCfg = Debug|x86
		{5DB290BB-57C6-4BB2-A80D-B98414F198E7}.Debug|Mixed Platforms.ActiveCfg = Debug|x86
		{5DB290BB-57C6-4BB2-A80D-B98414F198E7}.Debug|Mixed Platforms.Build.0 = Debug|x86
		{5DB290BB-57C6-4BB2-A80D-B98414F198E7}.Debug|x86.ActiveCfg = Debug|x86
		{5DB290BB-57C6-4BB2-A80D-B98414F198E7}.Debug|x86.Build.0 = Debug|x86
		{5DB290BB-57C6-4BB2-A80D-B98414F198E7}.Release|Any CPU.ActiveCfg = Release|x86
		{5DB290BB-57C6-4BB2-A80D-B98414F198E7}.Release|Mixed Platforms.ActiveCfg = Release|x86
		{5DB290BB-57C6-4BB2-A80D-B98414F198E7}.Release|Mixed Platforms.Build.0 = Release|x86
		{5DB290BB-57C6-4BB2-A80D-B98414F198E7}.Release|x86.ActiveCfg = Release|x86
		{5DB290BB-57C6-4BB2-A80D-B98414F198E7}.Release|x86.Build.0 = Release|x86
		{41669E64-78CF-4D95-BBD0-11B58BE0523E}.Debug|Any CPU.ActiveCfg = Debug|x86
		{41669E64-78CF-4D95-BBD0-11B58BE0523E}.Debug|Mixed Platforms.ActiveCfg = Debug|x86
		{41669E64-78CF-4D95-BBD0-11B58BE0523E}.Debug|Mixed Platforms.Build.0 = Debug|x86
		{41669E64-78CF-4D95-BBD0-11B58BE0523E}.Debug|x86.ActiveCfg = Debug|x86
		{41669E64-78CF-4D95-BBD0-11B58BE0523E}.Debug|x86.Build.0 = Debug|x86
		{41669E64-78CF-4D95-BBD0-11B58BE0523E}.Release|Any CPU.ActiveCfg = Release|x86
		{41669E64-78CF-4D95-BBD0-11B58BE0523E}.Release|Mixed Platforms.ActiveCfg = Release|x86
		{41669E64-78CF-4D95-BBD0-11B58BE0523E}.Release|Mixed Platforms.Build.0 = Release|x86
		{41669E64-78CF-4D95-BBD0-11B58BE0523E}.Release|x86.ActiveCfg = Release|x86
		{41669E64-78CF-4D95-BBD0-11B58BE0523E}.Release|x86.Build.0 = Release|x86
		{1870409D-9229-4AF2-BA82-C063FC995070}.Debug|Any CPU.ActiveCfg = Debug|x86
		{1870409D-9229-4AF2-BA82-C063FC995070}.Debug|Mixed Platforms.ActiveCfg = Debug|x86
		{1870409D-9229-4AF2-BA82-C063FC995070}.Debug|Mixed Platforms.Build.0 = Debug|x86
		{1870409D-9229-4AF2-BA82-C063FC995070}.Debug|x86.ActiveCfg = Debug|x86
		{1870409D-9229-4AF2-BA82-C063FC995070}.Debug|x86.Build.0 = Debug|x86
		{1870409D-9229-4AF2-BA82-C063FC995070}.Release|Any CPU.ActiveCfg = Release|x86
		{1870409D-9229-4AF2-BA82-C063FC995070}.Release|Mixed Platforms.ActiveCfg = Release|x86
		{1870409D-9229-4AF2-BA82-C063FC995070}.Release|Mixed Platforms.Build.0 = Release|x86
		{1870409D-9229-4AF2-BA82-C063FC995070}.Release|x86.ActiveCfg = Release|x86
		{1870409D-9229-4AF2-BA82-C063FC995070}.Release|x86.Build.0 = Release|x86
	EndGlobalSection
	GlobalSection(SolutionProperties) = preSolution
		HideSolutionNode = FALSE
	EndGlobalSection
	GlobalSection(NestedProjects) = preSolution
		{9E6383AE-81A5-4146-AA13-63B03ED86202} = {49E286C8-8F10-4C91-A576-16D6764E2319}
	EndGlobalSection
EndGlobal
